{
  "object": {
    "pins": [
      {
        "package": "Files",
        "repositoryURL": "https://github.com/johnsundell/Files.git",
        "state": {
          "branch": null,
          "revision": "d273b5b7025d386feef79ef6bad7de762e106eaf",
          "version": "4.2.0"
        }
      },
      {
        "package": "swift-argument-parser",
        "repositoryURL": "https://github.com/apple/swift-argument-parser",
        "state": {
          "branch": null,
          "revision": "83b23d940471b313427da226196661856f6ba3e0",
          "version": "0.4.4"
        }
      },
      {
        "package": "SwiftyXMLParser",
        "repositoryURL": "https://github.com/stevelandeyasana/SwiftyXMLParser",
        "state": {
          "branch": "locheck",
          "revision": "f1317db8b4ca1a9e2ea5766419c47293ddabd4d5",
          "version": null
        }
      }
    ]
  },
  "version": 1
}
